// !$*UTF8*$!
{
	archiveVersion = 1;
	classes = {
	};
	objectVersion = 55;
	objects = {

/* Begin PBXBuildFile section */
		11D1BEA6274C127500BEF0C7 /* AppDelegate.swift in Sources */ = {isa = PBXBuildFile; fileRef = 11D1BEA5274C127500BEF0C7 /* AppDelegate.swift */; };
		11D1BEA8274C127500BEF0C7 /* SceneDelegate.swift in Sources */ = {isa = PBXBuildFile; fileRef = 11D1BEA7274C127500BEF0C7 /* SceneDelegate.swift */; };
		11D1BEAD274C127500BEF0C7 /* Main.storyboard in Resources */ = {isa = PBXBuildFile; fileRef = 11D1BEAB274C127500BEF0C7 /* Main.storyboard */; };
		11D1BEB0274C127600BEF0C7 /* MusalaSoftiOSTask.xcdatamodeld in Sources */ = {isa = PBXBuildFile; fileRef = 11D1BEAE274C127500BEF0C7 /* MusalaSoftiOSTask.xcdatamodeld */; };
		11D1BEB2274C127900BEF0C7 /* Assets.xcassets in Resources */ = {isa = PBXBuildFile; fileRef = 11D1BEB1274C127900BEF0C7 /* Assets.xcassets */; };
		11D1BEB5274C127900BEF0C7 /* LaunchScreen.storyboard in Resources */ = {isa = PBXBuildFile; fileRef = 11D1BEB3274C127900BEF0C7 /* LaunchScreen.storyboard */; };
		11D1BEC0274C142F00BEF0C7 /* ListCitiesViewController.swift in Sources */ = {isa = PBXBuildFile; fileRef = 11D1BEBF274C142F00BEF0C7 /* ListCitiesViewController.swift */; };
		11D1BEC2274C14A300BEF0C7 /* DayWeatherViewController.swift in Sources */ = {isa = PBXBuildFile; fileRef = 11D1BEC1274C14A300BEF0C7 /* DayWeatherViewController.swift */; };
		11D1BEDB274C70E500BEF0C7 /* ConsolidatedWeather+CoreDataClass.swift in Sources */ = {isa = PBXBuildFile; fileRef = 11D1BED5274C70E500BEF0C7 /* ConsolidatedWeather+CoreDataClass.swift */; };
		11D1BEDC274C70E500BEF0C7 /* ConsolidatedWeather+CoreDataProperties.swift in Sources */ = {isa = PBXBuildFile; fileRef = 11D1BED6274C70E500BEF0C7 /* ConsolidatedWeather+CoreDataProperties.swift */; };
		11D1BEDD274C70E500BEF0C7 /* Location+CoreDataClass.swift in Sources */ = {isa = PBXBuildFile; fileRef = 11D1BED7274C70E500BEF0C7 /* Location+CoreDataClass.swift */; };
		11D1BEDE274C70E500BEF0C7 /* Location+CoreDataProperties.swift in Sources */ = {isa = PBXBuildFile; fileRef = 11D1BED8274C70E500BEF0C7 /* Location+CoreDataProperties.swift */; };
		11D1BEDF274C70E500BEF0C7 /* Sources+CoreDataClass.swift in Sources */ = {isa = PBXBuildFile; fileRef = 11D1BED9274C70E500BEF0C7 /* Sources+CoreDataClass.swift */; };
		11D1BEE0274C70E500BEF0C7 /* Sources+CoreDataProperties.swift in Sources */ = {isa = PBXBuildFile; fileRef = 11D1BEDA274C70E500BEF0C7 /* Sources+CoreDataProperties.swift */; };
		11D1BEF3274C8B4F00BEF0C7 /* AppDelegateTest.swift in Sources */ = {isa = PBXBuildFile; fileRef = 11D1BEF2274C8B4F00BEF0C7 /* AppDelegateTest.swift */; };
		11D1BEF8274C977200BEF0C7 /* ListCitiesViewViewModel.swift in Sources */ = {isa = PBXBuildFile; fileRef = 11D1BEF7274C977200BEF0C7 /* ListCitiesViewViewModel.swift */; };
		11E7EAC0274D4E51006381F8 /* CitiesTableViewCellViewModel.swift in Sources */ = {isa = PBXBuildFile; fileRef = 11E7EABF274D4E51006381F8 /* CitiesTableViewCellViewModel.swift */; };
		11E7EAC2274D4ECB006381F8 /* CitiesTableViewCellRepresentable.swift in Sources */ = {isa = PBXBuildFile; fileRef = 11E7EAC1274D4ECB006381F8 /* CitiesTableViewCellRepresentable.swift */; };
		11E7EAC4274D4F0E006381F8 /* ListCitiesViewRepresentable.swift in Sources */ = {isa = PBXBuildFile; fileRef = 11E7EAC3274D4F0E006381F8 /* ListCitiesViewRepresentable.swift */; };
		11E7EAC7274D4FE9006381F8 /* CitiesViewModelFactory.swift in Sources */ = {isa = PBXBuildFile; fileRef = 11E7EAC6274D4FE9006381F8 /* CitiesViewModelFactory.swift */; };
		11E7EAC9274D5AF4006381F8 /* CitiesTableViewCell.swift in Sources */ = {isa = PBXBuildFile; fileRef = 11E7EAC8274D5AF4006381F8 /* CitiesTableViewCell.swift */; };
		11E7EACB274D6756006381F8 /* ListDayweatherViewController.swift in Sources */ = {isa = PBXBuildFile; fileRef = 11E7EACA274D6756006381F8 /* ListDayweatherViewController.swift */; };
/* End PBXBuildFile section */

/* Begin PBXContainerItemProxy section */
		11D1BEE9274C8A8B00BEF0C7 /* PBXContainerItemProxy */ = {
			isa = PBXContainerItemProxy;
			containerPortal = 11D1BE9A274C127500BEF0C7 /* Project object */;
			proxyType = 1;
			remoteGlobalIDString = 11D1BEA1274C127500BEF0C7;
			remoteInfo = MusalaSoftiOSTask;
		};
/* End PBXContainerItemProxy section */

/* Begin PBXFileReference section */
		11D1BEA2274C127500BEF0C7 /* MusalaSoftiOSTask.app */ = {isa = PBXFileReference; explicitFileType = wrapper.application; includeInIndex = 0; path = MusalaSoftiOSTask.app; sourceTree = BUILT_PRODUCTS_DIR; };
		11D1BEA5274C127500BEF0C7 /* AppDelegate.swift */ = {isa = PBXFileReference; lastKnownFileType = sourcecode.swift; path = AppDelegate.swift; sourceTree = "<group>"; };
		11D1BEA7274C127500BEF0C7 /* SceneDelegate.swift */ = {isa = PBXFileReference; lastKnownFileType = sourcecode.swift; path = SceneDelegate.swift; sourceTree = "<group>"; };
		11D1BEAC274C127500BEF0C7 /* Base */ = {isa = PBXFileReference; lastKnownFileType = file.storyboard; name = Base; path = Base.lproj/Main.storyboard; sourceTree = "<group>"; };
		11D1BEAF274C127500BEF0C7 /* MusalaSoftiOSTask.xcdatamodel */ = {isa = PBXFileReference; lastKnownFileType = wrapper.xcdatamodel; path = MusalaSoftiOSTask.xcdatamodel; sourceTree = "<group>"; };
		11D1BEB1274C127900BEF0C7 /* Assets.xcassets */ = {isa = PBXFileReference; lastKnownFileType = folder.assetcatalog; path = Assets.xcassets; sourceTree = "<group>"; };
		11D1BEB4274C127900BEF0C7 /* Base */ = {isa = PBXFileReference; lastKnownFileType = file.storyboard; name = Base; path = Base.lproj/LaunchScreen.storyboard; sourceTree = "<group>"; };
		11D1BEB6274C127900BEF0C7 /* Info.plist */ = {isa = PBXFileReference; lastKnownFileType = text.plist.xml; path = Info.plist; sourceTree = "<group>"; };
		11D1BEBF274C142F00BEF0C7 /* ListCitiesViewController.swift */ = {isa = PBXFileReference; lastKnownFileType = sourcecode.swift; path = ListCitiesViewController.swift; sourceTree = "<group>"; };
		11D1BEC1274C14A300BEF0C7 /* DayWeatherViewController.swift */ = {isa = PBXFileReference; lastKnownFileType = sourcecode.swift; path = DayWeatherViewController.swift; sourceTree = "<group>"; };
		11D1BED5274C70E500BEF0C7 /* ConsolidatedWeather+CoreDataClass.swift */ = {isa = PBXFileReference; lastKnownFileType = sourcecode.swift; path = "ConsolidatedWeather+CoreDataClass.swift"; sourceTree = "<group>"; };
		11D1BED6274C70E500BEF0C7 /* ConsolidatedWeather+CoreDataProperties.swift */ = {isa = PBXFileReference; lastKnownFileType = sourcecode.swift; path = "ConsolidatedWeather+CoreDataProperties.swift"; sourceTree = "<group>"; };
		11D1BED7274C70E500BEF0C7 /* Location+CoreDataClass.swift */ = {isa = PBXFileReference; lastKnownFileType = sourcecode.swift; path = "Location+CoreDataClass.swift"; sourceTree = "<group>"; };
		11D1BED8274C70E500BEF0C7 /* Location+CoreDataProperties.swift */ = {isa = PBXFileReference; lastKnownFileType = sourcecode.swift; path = "Location+CoreDataProperties.swift"; sourceTree = "<group>"; };
		11D1BED9274C70E500BEF0C7 /* Sources+CoreDataClass.swift */ = {isa = PBXFileReference; lastKnownFileType = sourcecode.swift; path = "Sources+CoreDataClass.swift"; sourceTree = "<group>"; };
		11D1BEDA274C70E500BEF0C7 /* Sources+CoreDataProperties.swift */ = {isa = PBXFileReference; lastKnownFileType = sourcecode.swift; path = "Sources+CoreDataProperties.swift"; sourceTree = "<group>"; };
		11D1BEE5274C8A8B00BEF0C7 /* MusalaSoftiOSTaskTests.xctest */ = {isa = PBXFileReference; explicitFileType = wrapper.cfbundle; includeInIndex = 0; path = MusalaSoftiOSTaskTests.xctest; sourceTree = BUILT_PRODUCTS_DIR; };
		11D1BEF2274C8B4F00BEF0C7 /* AppDelegateTest.swift */ = {isa = PBXFileReference; lastKnownFileType = sourcecode.swift; path = AppDelegateTest.swift; sourceTree = "<group>"; };
		11D1BEF7274C977200BEF0C7 /* ListCitiesViewViewModel.swift */ = {isa = PBXFileReference; lastKnownFileType = sourcecode.swift; path = ListCitiesViewViewModel.swift; sourceTree = "<group>"; };
		11E7EABF274D4E51006381F8 /* CitiesTableViewCellViewModel.swift */ = {isa = PBXFileReference; lastKnownFileType = sourcecode.swift; path = CitiesTableViewCellViewModel.swift; sourceTree = "<group>"; };
		11E7EAC1274D4ECB006381F8 /* CitiesTableViewCellRepresentable.swift */ = {isa = PBXFileReference; lastKnownFileType = sourcecode.swift; path = CitiesTableViewCellRepresentable.swift; sourceTree = "<group>"; };
		11E7EAC3274D4F0E006381F8 /* ListCitiesViewRepresentable.swift */ = {isa = PBXFileReference; lastKnownFileType = sourcecode.swift; path = ListCitiesViewRepresentable.swift; sourceTree = "<group>"; };
		11E7EAC6274D4FE9006381F8 /* CitiesViewModelFactory.swift */ = {isa = PBXFileReference; lastKnownFileType = sourcecode.swift; path = CitiesViewModelFactory.swift; sourceTree = "<group>"; };
		11E7EAC8274D5AF4006381F8 /* CitiesTableViewCell.swift */ = {isa = PBXFileReference; lastKnownFileType = sourcecode.swift; path = CitiesTableViewCell.swift; sourceTree = "<group>"; };
		11E7EACA274D6756006381F8 /* ListDayweatherViewController.swift */ = {isa = PBXFileReference; lastKnownFileType = sourcecode.swift; path = ListDayweatherViewController.swift; sourceTree = "<group>"; };
/* End PBXFileReference section */

/* Begin PBXFrameworksBuildPhase section */
		11D1BE9F274C127500BEF0C7 /* Frameworks */ = {
			isa = PBXFrameworksBuildPhase;
			buildActionMask = 2147483647;
			files = (
			);
			runOnlyForDeploymentPostprocessing = 0;
		};
		11D1BEE2274C8A8B00BEF0C7 /* Frameworks */ = {
			isa = PBXFrameworksBuildPhase;
			buildActionMask = 2147483647;
			files = (
			);
			runOnlyForDeploymentPostprocessing = 0;
		};
/* End PBXFrameworksBuildPhase section */

/* Begin PBXGroup section */
		11D1BE99274C127500BEF0C7 = {
			isa = PBXGroup;
			children = (
				11D1BEA4274C127500BEF0C7 /* MusalaSoftiOSTask */,
				11D1BEE6274C8A8B00BEF0C7 /* MusalaSoftiOSTaskTests */,
				11D1BEA3274C127500BEF0C7 /* Products */,
			);
			sourceTree = "<group>";
		};
		11D1BEA3274C127500BEF0C7 /* Products */ = {
			isa = PBXGroup;
			children = (
				11D1BEA2274C127500BEF0C7 /* MusalaSoftiOSTask.app */,
				11D1BEE5274C8A8B00BEF0C7 /* MusalaSoftiOSTaskTests.xctest */,
			);
			name = Products;
			sourceTree = "<group>";
		};
		11D1BEA4274C127500BEF0C7 /* MusalaSoftiOSTask */ = {
			isa = PBXGroup;
			children = (
				11D1BEC8274C500D00BEF0C7 /* Models */,
				11D1BEC7274C4FE900BEF0C7 /* Resources */,
				11D1BEC6274C4FC800BEF0C7 /* Supporting Files */,
				11D1BEC5274C4FA100BEF0C7 /* Storyboards */,
				11D1BEC4274C4E7C00BEF0C7 /* Application Delegate */,
				11D1BEBC274C132400BEF0C7 /* ViewControllers */,
			);
			path = MusalaSoftiOSTask;
			sourceTree = "<group>";
		};
		11D1BEBC274C132400BEF0C7 /* ViewControllers */ = {
			isa = PBXGroup;
			children = (
				11D1BEC3274C154A00BEF0C7 /* ListDayWeather */,
				11D1BEBE274C13BC00BEF0C7 /* DayWeather */,
				11D1BEBD274C139E00BEF0C7 /* ListCities */,
			);
			path = ViewControllers;
			sourceTree = "<group>";
		};
		11D1BEBD274C139E00BEF0C7 /* ListCities */ = {
			isa = PBXGroup;
			children = (
				11E7EAC5274D4FCE006381F8 /* Factory */,
				11D1BEF6274C974A00BEF0C7 /* TableViewCell */,
				11D1BEF5274C966A00BEF0C7 /* ViewModels */,
				11D1BEF4274C965F00BEF0C7 /* Protocols */,
				11D1BEBF274C142F00BEF0C7 /* ListCitiesViewController.swift */,
			);
			path = ListCities;
			sourceTree = "<group>";
		};
		11D1BEBE274C13BC00BEF0C7 /* DayWeather */ = {
			isa = PBXGroup;
			children = (
				11D1BEC1274C14A300BEF0C7 /* DayWeatherViewController.swift */,
			);
			path = DayWeather;
			sourceTree = "<group>";
		};
		11D1BEC3274C154A00BEF0C7 /* ListDayWeather */ = {
			isa = PBXGroup;
			children = (
				11E7EACA274D6756006381F8 /* ListDayweatherViewController.swift */,
			);
			path = ListDayWeather;
			sourceTree = "<group>";
		};
		11D1BEC4274C4E7C00BEF0C7 /* Application Delegate */ = {
			isa = PBXGroup;
			children = (
				11D1BEA5274C127500BEF0C7 /* AppDelegate.swift */,
				11D1BEA7274C127500BEF0C7 /* SceneDelegate.swift */,
			);
			path = "Application Delegate";
			sourceTree = "<group>";
		};
		11D1BEC5274C4FA100BEF0C7 /* Storyboards */ = {
			isa = PBXGroup;
			children = (
				11D1BEAB274C127500BEF0C7 /* Main.storyboard */,
				11D1BEB3274C127900BEF0C7 /* LaunchScreen.storyboard */,
			);
			path = Storyboards;
			sourceTree = "<group>";
		};
		11D1BEC6274C4FC800BEF0C7 /* Supporting Files */ = {
			isa = PBXGroup;
			children = (
				11D1BEB6274C127900BEF0C7 /* Info.plist */,
			);
			path = "Supporting Files";
			sourceTree = "<group>";
		};
		11D1BEC7274C4FE900BEF0C7 /* Resources */ = {
			isa = PBXGroup;
			children = (
				11D1BEB1274C127900BEF0C7 /* Assets.xcassets */,
			);
			path = Resources;
			sourceTree = "<group>";
		};
		11D1BEC8274C500D00BEF0C7 /* Models */ = {
			isa = PBXGroup;
			children = (
				11D1BED5274C70E500BEF0C7 /* ConsolidatedWeather+CoreDataClass.swift */,
				11D1BED6274C70E500BEF0C7 /* ConsolidatedWeather+CoreDataProperties.swift */,
				11D1BED7274C70E500BEF0C7 /* Location+CoreDataClass.swift */,
				11D1BED8274C70E500BEF0C7 /* Location+CoreDataProperties.swift */,
				11D1BED9274C70E500BEF0C7 /* Sources+CoreDataClass.swift */,
				11D1BEDA274C70E500BEF0C7 /* Sources+CoreDataProperties.swift */,
				11D1BEAE274C127500BEF0C7 /* MusalaSoftiOSTask.xcdatamodeld */,
			);
			path = Models;
			sourceTree = "<group>";
		};
		11D1BEE6274C8A8B00BEF0C7 /* MusalaSoftiOSTaskTests */ = {
			isa = PBXGroup;
			children = (
				11D1BEF1274C8B2900BEF0C7 /* Stubs */,
				11D1BEF0274C8B1800BEF0C7 /* Extensions */,
				11D1BEEF274C8AF700BEF0C7 /* Test Case */,
				11D1BEEE274C8AC700BEF0C7 /* Supporting File */,
			);
			path = MusalaSoftiOSTaskTests;
			sourceTree = "<group>";
		};
		11D1BEEE274C8AC700BEF0C7 /* Supporting File */ = {
			isa = PBXGroup;
			children = (
			);
			path = "Supporting File";
			sourceTree = "<group>";
		};
		11D1BEEF274C8AF700BEF0C7 /* Test Case */ = {
			isa = PBXGroup;
			children = (
				11D1BEF2274C8B4F00BEF0C7 /* AppDelegateTest.swift */,
			);
			path = "Test Case";
			sourceTree = "<group>";
		};
		11D1BEF0274C8B1800BEF0C7 /* Extensions */ = {
			isa = PBXGroup;
			children = (
			);
			path = Extensions;
			sourceTree = "<group>";
		};
		11D1BEF1274C8B2900BEF0C7 /* Stubs */ = {
			isa = PBXGroup;
			children = (
			);
			path = Stubs;
			sourceTree = "<group>";
		};
		11D1BEF4274C965F00BEF0C7 /* Protocols */ = {
			isa = PBXGroup;
			children = (
				11E7EAC1274D4ECB006381F8 /* CitiesTableViewCellRepresentable.swift */,
				11E7EAC3274D4F0E006381F8 /* ListCitiesViewRepresentable.swift */,
			);
			path = Protocols;
			sourceTree = "<group>";
		};
		11D1BEF5274C966A00BEF0C7 /* ViewModels */ = {
			isa = PBXGroup;
			children = (
				11D1BEF7274C977200BEF0C7 /* ListCitiesViewViewModel.swift */,
				11E7EABF274D4E51006381F8 /* CitiesTableViewCellViewModel.swift */,
			);
			path = ViewModels;
			sourceTree = "<group>";
		};
		11D1BEF6274C974A00BEF0C7 /* TableViewCell */ = {
			isa = PBXGroup;
			children = (
				11E7EAC8274D5AF4006381F8 /* CitiesTableViewCell.swift */,
			);
			path = TableViewCell;
			sourceTree = "<group>";
		};
		11E7EAC5274D4FCE006381F8 /* Factory */ = {
			isa = PBXGroup;
			children = (
				11E7EAC6274D4FE9006381F8 /* CitiesViewModelFactory.swift */,
			);
			path = Factory;
			sourceTree = "<group>";
		};
/* End PBXGroup section */

/* Begin PBXNativeTarget section */
		11D1BEA1274C127500BEF0C7 /* MusalaSoftiOSTask */ = {
			isa = PBXNativeTarget;
			buildConfigurationList = 11D1BEB9274C127900BEF0C7 /* Build configuration list for PBXNativeTarget "MusalaSoftiOSTask" */;
			buildPhases = (
				11D1BE9E274C127500BEF0C7 /* Sources */,
				11D1BE9F274C127500BEF0C7 /* Frameworks */,
				11D1BEA0274C127500BEF0C7 /* Resources */,
			);
			buildRules = (
			);
			dependencies = (
			);
			name = MusalaSoftiOSTask;
			productName = MusalaSoftiOSTask;
			productReference = 11D1BEA2274C127500BEF0C7 /* MusalaSoftiOSTask.app */;
			productType = "com.apple.product-type.application";
		};
		11D1BEE4274C8A8B00BEF0C7 /* MusalaSoftiOSTaskTests */ = {
			isa = PBXNativeTarget;
			buildConfigurationList = 11D1BEEB274C8A8B00BEF0C7 /* Build configuration list for PBXNativeTarget "MusalaSoftiOSTaskTests" */;
			buildPhases = (
				11D1BEE1274C8A8B00BEF0C7 /* Sources */,
				11D1BEE2274C8A8B00BEF0C7 /* Frameworks */,
				11D1BEE3274C8A8B00BEF0C7 /* Resources */,
			);
			buildRules = (
			);
			dependencies = (
				11D1BEEA274C8A8B00BEF0C7 /* PBXTargetDependency */,
			);
			name = MusalaSoftiOSTaskTests;
			productName = MusalaSoftiOSTaskTests;
			productReference = 11D1BEE5274C8A8B00BEF0C7 /* MusalaSoftiOSTaskTests.xctest */;
			productType = "com.apple.product-type.bundle.unit-test";
		};
/* End PBXNativeTarget section */

/* Begin PBXProject section */
		11D1BE9A274C127500BEF0C7 /* Project object */ = {
			isa = PBXProject;
			attributes = {
				BuildIndependentTargetsInParallel = 1;
				LastSwiftUpdateCheck = 1310;
				LastUpgradeCheck = 1310;
				TargetAttributes = {
					11D1BEA1274C127500BEF0C7 = {
						CreatedOnToolsVersion = 13.1;
					};
					11D1BEE4274C8A8B00BEF0C7 = {
						CreatedOnToolsVersion = 13.1;
						LastSwiftMigration = 1310;
						TestTargetID = 11D1BEA1274C127500BEF0C7;
					};
				};
			};
			buildConfigurationList = 11D1BE9D274C127500BEF0C7 /* Build configuration list for PBXProject "MusalaSoftiOSTask" */;
			compatibilityVersion = "Xcode 13.0";
			developmentRegion = en;
			hasScannedForEncodings = 0;
			knownRegions = (
				en,
				Base,
			);
			mainGroup = 11D1BE99274C127500BEF0C7;
			productRefGroup = 11D1BEA3274C127500BEF0C7 /* Products */;
			projectDirPath = "";
			projectRoot = "";
			targets = (
				11D1BEA1274C127500BEF0C7 /* MusalaSoftiOSTask */,
				11D1BEE4274C8A8B00BEF0C7 /* MusalaSoftiOSTaskTests */,
			);
		};
/* End PBXProject section */

/* Begin PBXResourcesBuildPhase section */
		11D1BEA0274C127500BEF0C7 /* Resources */ = {
			isa = PBXResourcesBuildPhase;
			buildActionMask = 2147483647;
			files = (
				11D1BEB5274C127900BEF0C7 /* LaunchScreen.storyboard in Resources */,
				11D1BEB2274C127900BEF0C7 /* Assets.xcassets in Resources */,
				11D1BEAD274C127500BEF0C7 /* Main.storyboard in Resources */,
			);
			runOnlyForDeploymentPostprocessing = 0;
		};
		11D1BEE3274C8A8B00BEF0C7 /* Resources */ = {
			isa = PBXResourcesBuildPhase;
			buildActionMask = 2147483647;
			files = (
			);
			runOnlyForDeploymentPostprocessing = 0;
		};
/* End PBXResourcesBuildPhase section */

/* Begin PBXSourcesBuildPhase section */
		11D1BE9E274C127500BEF0C7 /* Sources */ = {
			isa = PBXSourcesBuildPhase;
			buildActionMask = 2147483647;
			files = (
				11D1BEDF274C70E500BEF0C7 /* Sources+CoreDataClass.swift in Sources */,
				11D1BEDC274C70E500BEF0C7 /* ConsolidatedWeather+CoreDataProperties.swift in Sources */,
				11D1BEA6274C127500BEF0C7 /* AppDelegate.swift in Sources */,
				11D1BEC0274C142F00BEF0C7 /* ListCitiesViewController.swift in Sources */,
				11E7EAC0274D4E51006381F8 /* CitiesTableViewCellViewModel.swift in Sources */,
				11D1BEC2274C14A300BEF0C7 /* DayWeatherViewController.swift in Sources */,
				11D1BEDD274C70E500BEF0C7 /* Location+CoreDataClass.swift in Sources */,
				11D1BEDE274C70E500BEF0C7 /* Location+CoreDataProperties.swift in Sources */,
				11D1BEE0274C70E500BEF0C7 /* Sources+CoreDataProperties.swift in Sources */,
				11D1BEF8274C977200BEF0C7 /* ListCitiesViewViewModel.swift in Sources */,
				11E7EACB274D6756006381F8 /* ListDayweatherViewController.swift in Sources */,
				11D1BEA8274C127500BEF0C7 /* SceneDelegate.swift in Sources */,
				11E7EAC9274D5AF4006381F8 /* CitiesTableViewCell.swift in Sources */,
				11E7EAC2274D4ECB006381F8 /* CitiesTableViewCellRepresentable.swift in Sources */,
				11E7EAC7274D4FE9006381F8 /* CitiesViewModelFactory.swift in Sources */,
				11D1BEB0274C127600BEF0C7 /* MusalaSoftiOSTask.xcdatamodeld in Sources */,
				11E7EAC4274D4F0E006381F8 /* ListCitiesViewRepresentable.swift in Sources */,
				11D1BEDB274C70E500BEF0C7 /* ConsolidatedWeather+CoreDataClass.swift in Sources */,
			);
			runOnlyForDeploymentPostprocessing = 0;
		};
		11D1BEE1274C8A8B00BEF0C7 /* Sources */ = {
			isa = PBXSourcesBuildPhase;
			buildActionMask = 2147483647;
			files = (
				11D1BEF3274C8B4F00BEF0C7 /* AppDelegateTest.swift in Sources */,
			);
			runOnlyForDeploymentPostprocessing = 0;
		};
/* End PBXSourcesBuildPhase section */

/* Begin PBXTargetDependency section */
		11D1BEEA274C8A8B00BEF0C7 /* PBXTargetDependency */ = {
			isa = PBXTargetDependency;
			target = 11D1BEA1274C127500BEF0C7 /* MusalaSoftiOSTask */;
			targetProxy = 11D1BEE9274C8A8B00BEF0C7 /* PBXContainerItemProxy */;
		};
/* End PBXTargetDependency section */

/* Begin PBXVariantGroup section */
		11D1BEAB274C127500BEF0C7 /* Main.storyboard */ = {
			isa = PBXVariantGroup;
			children = (
				11D1BEAC274C127500BEF0C7 /* Base */,
			);
			name = Main.storyboard;
			sourceTree = "<group>";
		};
		11D1BEB3274C127900BEF0C7 /* LaunchScreen.storyboard */ = {
			isa = PBXVariantGroup;
			children = (
				11D1BEB4274C127900BEF0C7 /* Base */,
			);
			name = LaunchScreen.storyboard;
			sourceTree = "<group>";
		};
/* End PBXVariantGroup section */

/* Begin XCBuildConfiguration section */
		11D1BEB7274C127900BEF0C7 /* Debug */ = {
			isa = XCBuildConfiguration;
			buildSettings = {
				ALWAYS_SEARCH_USER_PATHS = NO;
				CLANG_ANALYZER_NONNULL = YES;
				CLANG_ANALYZER_NUMBER_OBJECT_CONVERSION = YES_AGGRESSIVE;
				CLANG_CXX_LANGUAGE_STANDARD = "gnu++17";
				CLANG_CXX_LIBRARY = "libc++";
				CLANG_ENABLE_MODULES = YES;
				CLANG_ENABLE_OBJC_ARC = YES;
				CLANG_ENABLE_OBJC_WEAK = YES;
				CLANG_WARN_BLOCK_CAPTURE_AUTORELEASING = YES;
				CLANG_WARN_BOOL_CONVERSION = YES;
				CLANG_WARN_COMMA = YES;
				CLANG_WARN_CONSTANT_CONVERSION = YES;
				CLANG_WARN_DEPRECATED_OBJC_IMPLEMENTATIONS = YES;
				CLANG_WARN_DIRECT_OBJC_ISA_USAGE = YES_ERROR;
				CLANG_WARN_DOCUMENTATION_COMMENTS = YES;
				CLANG_WARN_EMPTY_BODY = YES;
				CLANG_WARN_ENUM_CONVERSION = YES;
				CLANG_WARN_INFINITE_RECURSION = YES;
				CLANG_WARN_INT_CONVERSION = YES;
				CLANG_WARN_NON_LITERAL_NULL_CONVERSION = YES;
				CLANG_WARN_OBJC_IMPLICIT_RETAIN_SELF = YES;
				CLANG_WARN_OBJC_LITERAL_CONVERSION = YES;
				CLANG_WARN_OBJC_ROOT_CLASS = YES_ERROR;
				CLANG_WARN_QUOTED_INCLUDE_IN_FRAMEWORK_HEADER = YES;
				CLANG_WARN_RANGE_LOOP_ANALYSIS = YES;
				CLANG_WARN_STRICT_PROTOTYPES = YES;
				CLANG_WARN_SUSPICIOUS_MOVE = YES;
				CLANG_WARN_UNGUARDED_AVAILABILITY = YES_AGGRESSIVE;
				CLANG_WARN_UNREACHABLE_CODE = YES;
				CLANG_WARN__DUPLICATE_METHOD_MATCH = YES;
				COPY_PHASE_STRIP = NO;
				DEBUG_INFORMATION_FORMAT = dwarf;
				ENABLE_STRICT_OBJC_MSGSEND = YES;
				ENABLE_TESTABILITY = YES;
				GCC_C_LANGUAGE_STANDARD = gnu11;
				GCC_DYNAMIC_NO_PIC = NO;
				GCC_NO_COMMON_BLOCKS = YES;
				GCC_OPTIMIZATION_LEVEL = 0;
				GCC_PREPROCESSOR_DEFINITIONS = (
					"DEBUG=1",
					"$(inherited)",
				);
				GCC_WARN_64_TO_32_BIT_CONVERSION = YES;
				GCC_WARN_ABOUT_RETURN_TYPE = YES_ERROR;
				GCC_WARN_UNDECLARED_SELECTOR = YES;
				GCC_WARN_UNINITIALIZED_AUTOS = YES_AGGRESSIVE;
				GCC_WARN_UNUSED_FUNCTION = YES;
				GCC_WARN_UNUSED_VARIABLE = YES;
				IPHONEOS_DEPLOYMENT_TARGET = 15.0;
				MTL_ENABLE_DEBUG_INFO = INCLUDE_SOURCE;
				MTL_FAST_MATH = YES;
				ONLY_ACTIVE_ARCH = YES;
				SDKROOT = iphoneos;
				SWIFT_ACTIVE_COMPILATION_CONDITIONS = DEBUG;
				SWIFT_OPTIMIZATION_LEVEL = "-Onone";
			};
			name = Debug;
		};
		11D1BEB8274C127900BEF0C7 /* Release */ = {
			isa = XCBuildConfiguration;
			buildSettings = {
				ALWAYS_SEARCH_USER_PATHS = NO;
				CLANG_ANALYZER_NONNULL = YES;
				CLANG_ANALYZER_NUMBER_OBJECT_CONVERSION = YES_AGGRESSIVE;
				CLANG_CXX_LANGUAGE_STANDARD = "gnu++17";
				CLANG_CXX_LIBRARY = "libc++";
				CLANG_ENABLE_MODULES = YES;
				CLANG_ENABLE_OBJC_ARC = YES;
				CLANG_ENABLE_OBJC_WEAK = YES;
				CLANG_WARN_BLOCK_CAPTURE_AUTORELEASING = YES;
				CLANG_WARN_BOOL_CONVERSION = YES;
				CLANG_WARN_COMMA = YES;
				CLANG_WARN_CONSTANT_CONVERSION = YES;
				CLANG_WARN_DEPRECATED_OBJC_IMPLEMENTATIONS = YES;
				CLANG_WARN_DIRECT_OBJC_ISA_USAGE = YES_ERROR;
				CLANG_WARN_DOCUMENTATION_COMMENTS = YES;
				CLANG_WARN_EMPTY_BODY = YES;
				CLANG_WARN_ENUM_CONVERSION = YES;
				CLANG_WARN_INFINITE_RECURSION = YES;
				CLANG_WARN_INT_CONVERSION = YES;
				CLANG_WARN_NON_LITERAL_NULL_CONVERSION = YES;
				CLANG_WARN_OBJC_IMPLICIT_RETAIN_SELF = YES;
				CLANG_WARN_OBJC_LITERAL_CONVERSION = YES;
				CLANG_WARN_OBJC_ROOT_CLASS = YES_ERROR;
				CLANG_WARN_QUOTED_INCLUDE_IN_FRAMEWORK_HEADER = YES;
				CLANG_WARN_RANGE_LOOP_ANALYSIS = YES;
				CLANG_WARN_STRICT_PROTOTYPES = YES;
				CLANG_WARN_SUSPICIOUS_MOVE = YES;
				CLANG_WARN_UNGUARDED_AVAILABILITY = YES_AGGRESSIVE;
				CLANG_WARN_UNREACHABLE_CODE = YES;
				CLANG_WARN__DUPLICATE_METHOD_MATCH = YES;
				COPY_PHASE_STRIP = NO;
				DEBUG_INFORMATION_FORMAT = "dwarf-with-dsym";
				ENABLE_NS_ASSERTIONS = NO;
				ENABLE_STRICT_OBJC_MSGSEND = YES;
				GCC_C_LANGUAGE_STANDARD = gnu11;
				GCC_NO_COMMON_BLOCKS = YES;
				GCC_WARN_64_TO_32_BIT_CONVERSION = YES;
				GCC_WARN_ABOUT_RETURN_TYPE = YES_ERROR;
				GCC_WARN_UNDECLARED_SELECTOR = YES;
				GCC_WARN_UNINITIALIZED_AUTOS = YES_AGGRESSIVE;
				GCC_WARN_UNUSED_FUNCTION = YES;
				GCC_WARN_UNUSED_VARIABLE = YES;
				IPHONEOS_DEPLOYMENT_TARGET = 15.0;
				MTL_ENABLE_DEBUG_INFO = NO;
				MTL_FAST_MATH = YES;
				SDKROOT = iphoneos;
				SWIFT_COMPILATION_MODE = wholemodule;
				SWIFT_OPTIMIZATION_LEVEL = "-O";
				VALIDATE_PRODUCT = YES;
			};
			name = Release;
		};
		11D1BEBA274C127900BEF0C7 /* Debug */ = {
			isa = XCBuildConfiguration;
			buildSettings = {
				ASSETCATALOG_COMPILER_APPICON_NAME = AppIcon;
				ASSETCATALOG_COMPILER_GLOBAL_ACCENT_COLOR_NAME = AccentColor;
				CODE_SIGN_STYLE = Automatic;
				CURRENT_PROJECT_VERSION = 1;
				DEVELOPMENT_TEAM = ZS8BG3AB6Y;
				GENERATE_INFOPLIST_FILE = YES;
				INFOPLIST_FILE = "MusalaSoftiOSTask/Supporting Files/Info.plist";
				INFOPLIST_KEY_UIApplicationSupportsIndirectInputEvents = YES;
				INFOPLIST_KEY_UILaunchStoryboardName = LaunchScreen;
				INFOPLIST_KEY_UIMainStoryboardFile = Main;
				INFOPLIST_KEY_UISupportedInterfaceOrientations_iPad = "UIInterfaceOrientationPortrait UIInterfaceOrientationPortraitUpsideDown UIInterfaceOrientationLandscapeLeft UIInterfaceOrientationLandscapeRight";
				INFOPLIST_KEY_UISupportedInterfaceOrientations_iPhone = "UIInterfaceOrientationPortrait UIInterfaceOrientationLandscapeLeft UIInterfaceOrientationLandscapeRight";
				LD_RUNPATH_SEARCH_PATHS = (
					"$(inherited)",
					"@executable_path/Frameworks",
				);
				MARKETING_VERSION = 1.0;
				PRODUCT_BUNDLE_IDENTIFIER = com.kjoe.MusalaSoftiOSTask;
				PRODUCT_NAME = "$(TARGET_NAME)";
				SWIFT_EMIT_LOC_STRINGS = YES;
				SWIFT_VERSION = 5.0;
				TARGETED_DEVICE_FAMILY = "1,2";
			};
			name = Debug;
		};
		11D1BEBB274C127900BEF0C7 /* Release */ = {
			isa = XCBuildConfiguration;
			buildSettings = {
				ASSETCATALOG_COMPILER_APPICON_NAME = AppIcon;
				ASSETCATALOG_COMPILER_GLOBAL_ACCENT_COLOR_NAME = AccentColor;
				CODE_SIGN_STYLE = Automatic;
				CURRENT_PROJECT_VERSION = 1;
				DEVELOPMENT_TEAM = ZS8BG3AB6Y;
				GENERATE_INFOPLIST_FILE = YES;
				INFOPLIST_FILE = "MusalaSoftiOSTask/Supporting Files/Info.plist";
				INFOPLIST_KEY_UIApplicationSupportsIndirectInputEvents = YES;
				INFOPLIST_KEY_UILaunchStoryboardName = LaunchScreen;
				INFOPLIST_KEY_UIMainStoryboardFile = Main;
				INFOPLIST_KEY_UISupportedInterfaceOrientations_iPad = "UIInterfaceOrientationPortrait UIInterfaceOrientationPortraitUpsideDown UIInterfaceOrientationLandscapeLeft UIInterfaceOrientationLandscapeRight";
				INFOPLIST_KEY_UISupportedInterfaceOrientations_iPhone = "UIInterfaceOrientationPortrait UIInterfaceOrientationLandscapeLeft UIInterfaceOrientationLandscapeRight";
				LD_RUNPATH_SEARCH_PATHS = (
					"$(inherited)",
					"@executable_path/Frameworks",
				);
				MARKETING_VERSION = 1.0;
				PRODUCT_BUNDLE_IDENTIFIER = com.kjoe.MusalaSoftiOSTask;
				PRODUCT_NAME = "$(TARGET_NAME)";
				SWIFT_EMIT_LOC_STRINGS = YES;
				SWIFT_VERSION = 5.0;
				TARGETED_DEVICE_FAMILY = "1,2";
			};
			name = Release;
		};
		11D1BEEC274C8A8B00BEF0C7 /* Debug */ = {
			isa = XCBuildConfiguration;
			buildSettings = {
				BUNDLE_LOADER = "$(TEST_HOST)";
				CLANG_ENABLE_MODULES = YES;
				CODE_SIGN_STYLE = Automatic;
				CURRENT_PROJECT_VERSION = 1;
				DEVELOPMENT_TEAM = ZS8BG3AB6Y;
				GENERATE_INFOPLIST_FILE = YES;
				LD_RUNPATH_SEARCH_PATHS = (
					"$(inherited)",
					"@executable_path/Frameworks",
					"@loader_path/Frameworks",
				);
				MARKETING_VERSION = 1.0;
				PRODUCT_BUNDLE_IDENTIFIER = com.kjoe.MusalaSoftiOSTaskTests;
				PRODUCT_NAME = "$(TARGET_NAME)";
				SWIFT_EMIT_LOC_STRINGS = NO;
				SWIFT_OPTIMIZATION_LEVEL = "-Onone";
				SWIFT_VERSION = 5.0;
				TARGETED_DEVICE_FAMILY = "1,2";
				TEST_HOST = "$(BUILT_PRODUCTS_DIR)/MusalaSoftiOSTask.app/MusalaSoftiOSTask";
			};
			name = Debug;
		};
		11D1BEED274C8A8B00BEF0C7 /* Release */ = {
			isa = XCBuildConfiguration;
			buildSettings = {
				BUNDLE_LOADER = "$(TEST_HOST)";
				CLANG_ENABLE_MODULES = YES;
				CODE_SIGN_STYLE = Automatic;
				CURRENT_PROJECT_VERSION = 1;
				DEVELOPMENT_TEAM = ZS8BG3AB6Y;
				GENERATE_INFOPLIST_FILE = YES;
				LD_RUNPATH_SEARCH_PATHS = (
					"$(inherited)",
					"@executable_path/Frameworks",
					"@loader_path/Frameworks",
				);
				MARKETING_VERSION = 1.0;
				PRODUCT_BUNDLE_IDENTIFIER = com.kjoe.MusalaSoftiOSTaskTests;
				PRODUCT_NAME = "$(TARGET_NAME)";
				SWIFT_EMIT_LOC_STRINGS = NO;
				SWIFT_VERSION = 5.0;
				TARGETED_DEVICE_FAMILY = "1,2";
				TEST_HOST = "$(BUILT_PRODUCTS_DIR)/MusalaSoftiOSTask.app/MusalaSoftiOSTask";
			};
			name = Release;
		};
/* End XCBuildConfiguration section */

/* Begin XCConfigurationList section */
		11D1BE9D274C127500BEF0C7 /* Build configuration list for PBXProject "MusalaSoftiOSTask" */ = {
			isa = XCConfigurationList;
			buildConfigurations = (
				11D1BEB7274C127900BEF0C7 /* Debug */,
				11D1BEB8274C127900BEF0C7 /* Release */,
			);
			defaultConfigurationIsVisible = 0;
			defaultConfigurationName = Release;
		};
		11D1BEB9274C127900BEF0C7 /* Build configuration list for PBXNativeTarget "MusalaSoftiOSTask" */ = {
			isa = XCConfigurationList;
			buildConfigurations = (
				11D1BEBA274C127900BEF0C7 /* Debug */,
				11D1BEBB274C127900BEF0C7 /* Release */,
			);
			defaultConfigurationIsVisible = 0;
			defaultConfigurationName = Release;
		};
		11D1BEEB274C8A8B00BEF0C7 /* Build configuration list for PBXNativeTarget "MusalaSoftiOSTaskTests" */ = {
			isa = XCConfigurationList;
			buildConfigurations = (
				11D1BEEC274C8A8B00BEF0C7 /* Debug */,
				11D1BEED274C8A8B00BEF0C7 /* Release */,
			);
			defaultConfigurationIsVisible = 0;
			defaultConfigurationName = Release;
		};
/* End XCConfigurationList section */

/* Begin XCVersionGroup section */
		11D1BEAE274C127500BEF0C7 /* MusalaSoftiOSTask.xcdatamodeld */ = {
			isa = XCVersionGroup;
			children = (
				11D1BEAF274C127500BEF0C7 /* MusalaSoftiOSTask.xcdatamodel */,
			);
			currentVersion = 11D1BEAF274C127500BEF0C7 /* MusalaSoftiOSTask.xcdatamodel */;
			path = MusalaSoftiOSTask.xcdatamodeld;
			sourceTree = "<group>";
			versionGroupType = wrapper.xcdatamodel;
		};
/* End XCVersionGroup section */
	};
	rootObject = 11D1BE9A274C127500BEF0C7 /* Project object */;
}
